
Microsoft Visual Studio Solution File, Format Version 12.00
Project("{FAE04EC0-301F-11D3-BF4B-00C04F79EFBC}") = "GameOfLife.CSharp", "GameOfLife.CSharp\GameOfLife.CSharp.csproj", "{D2874BC5-FDF0-45D8-85BB-B79C97B134F4}"
EndProject
Project("{FAE04EC0-301F-11D3-BF4B-00C04F79EFBC}") = "GameOfLifeConsole", "GameOfLifeConsole\GameOfLifeConsole.csproj", "{26ED6A2C-4AB5-409B-99E5-564EC6DDD835}"
EndProject
Project("{FAE04EC0-301F-11D3-BF4B-00C04F79EFBC}") = "GameOfLifeWpf", "GameOfLifeWpf\GameOfLifeWpf.csproj", "{A8B08032-4229-4449-BCFD-E281B452075D}"
EndProject
Project("{FAE04EC0-301F-11D3-BF4B-00C04F79EFBC}") = "GameOfLife.Abstractions", "GameOfLife.Abstractions\GameOfLife.Abstractions.csproj", "{4E43D096-FF15-435E-BE59-4A45449241DA}"
EndProject
Project("{F2A71F9B-5D33-465A-A702-920D77279786}") = "GameOfLife.FSharp", "GameOfLife.FSharp\GameOfLife.FSharp.fsproj", "{825C035B-D0D0-4961-81A1-DB61E8C71474}"
EndProject
Project("{F2A71F9B-5D33-465A-A702-920D77279786}") = "GameOfLife", "GameOfLife\GameOfLife.fsproj", "{724111DC-08C8-4C97-A9D6-9345E07D732F}"
EndProject
Global
	GlobalSection(SolutionConfigurationPlatforms) = preSolution
		Debug|Any CPU = Debug|Any CPU
		Release|Any CPU = Release|Any CPU
	EndGlobalSection
	GlobalSection(ProjectConfigurationPlatforms) = postSolution
		{D2874BC5-FDF0-45D8-85BB-B79C97B134F4}.Debug|Any CPU.ActiveCfg = Debug|Any CPU
		{D2874BC5-FDF0-45D8-85BB-B79C97B134F4}.Debug|Any CPU.Build.0 = Debug|Any CPU
		{D2874BC5-FDF0-45D8-85BB-B79C97B134F4}.Release|Any CPU.ActiveCfg = Release|Any CPU
		{D2874BC5-FDF0-45D8-85BB-B79C97B134F4}.Release|Any CPU.Build.0 = Release|Any CPU
		{26ED6A2C-4AB5-409B-99E5-564EC6DDD835}.Debug|Any CPU.ActiveCfg = Debug|Any CPU
		{26ED6A2C-4AB5-409B-99E5-564EC6DDD835}.Debug|Any CPU.Build.0 = Debug|Any CPU
		{26ED6A2C-4AB5-409B-99E5-564EC6DDD835}.Release|Any CPU.ActiveCfg = Release|Any CPU
		{26ED6A2C-4AB5-409B-99E5-564EC6DDD835}.Release|Any CPU.Build.0 = Release|Any CPU
		{A8B08032-4229-4449-BCFD-E281B452075D}.Debug|Any CPU.ActiveCfg = Debug|Any CPU
		{A8B08032-4229-4449-BCFD-E281B452075D}.Debug|Any CPU.Build.0 = Debug|Any CPU
		{A8B08032-4229-4449-BCFD-E281B452075D}.Release|Any CPU.ActiveCfg = Release|Any CPU
		{A8B08032-4229-4449-BCFD-E281B452075D}.Release|Any CPU.Build.0 = Release|Any CPU
		{4E43D096-FF15-435E-BE59-4A45449241DA}.Debug|Any CPU.ActiveCfg = Debug|Any CPU
		{4E43D096-FF15-435E-BE59-4A45449241DA}.Debug|Any CPU.Build.0 = Debug|Any CPU
		{4E43D096-FF15-435E-BE59-4A45449241DA}.Release|Any CPU.ActiveCfg = Release|Any CPU
		{4E43D096-FF15-435E-BE59-4A45449241DA}.Release|Any CPU.Build.0 = Release|Any CPU
		{825C035B-D0D0-4961-81A1-DB61E8C71474}.Debug|Any CPU.ActiveCfg = Debug|Any CPU
		{825C035B-D0D0-4961-81A1-DB61E8C71474}.Debug|Any CPU.Build.0 = Debug|Any CPU
		{825C035B-D0D0-4961-81A1-DB61E8C71474}.Release|Any CPU.ActiveCfg = Release|Any CPU
		{825C035B-D0D0-4961-81A1-DB61E8C71474}.Release|Any CPU.Build.0 = Release|Any CPU
		{724111DC-08C8-4C97-A9D6-9345E07D732F}.Debug|Any CPU.ActiveCfg = Debug|Any CPU
		{724111DC-08C8-4C97-A9D6-9345E07D732F}.Debug|Any CPU.Build.0 = Debug|Any CPU
		{724111DC-08C8-4C97-A9D6-9345E07D732F}.Release|Any CPU.ActiveCfg = Release|Any CPU
		{724111DC-08C8-4C97-A9D6-9345E07D732F}.Release|Any CPU.Build.0 = Release|Any CPU
	EndGlobalSection
EndGlobal
